
Microsoft Visual Studio Solution File, Format Version 12.00
# Visual Studio 15
VisualStudioVersion = 15.0.27703.2018
MinimumVisualStudioVersion = 10.0.40219.1
Project("{FAE04EC0-301F-11D3-BF4B-00C04F79EFBC}") = "LoanCalculator.Android", "LoanCalculator.Android\LoanCalculator.Android.csproj", "{07680C47-A7D4-4999-8DF5-30D76BD02191}"
EndProject
Project("{FAE04EC0-301F-11D3-BF4B-00C04F79EFBC}") = "LoanCalculator.iOS", "LoanCalculator.iOS\LoanCalculator.iOS.csproj", "{44A5D227-7B28-4419-9FE3-16B529EC823A}"
EndProject
Project("{FAE04EC0-301F-11D3-BF4B-00C04F79EFBC}") = "LoanCalculator", "LoanCalculator\LoanCalculator.csproj", "{C6E46E83-9F35-4ADE-B7C9-153B28855EDC}"
EndProject
Global
	GlobalSection(SolutionConfigurationPlatforms) = preSolution
		Ad-Hoc|Any CPU = Ad-Hoc|Any CPU
		Ad-Hoc|ARM = Ad-Hoc|ARM
		Ad-Hoc|iPhone = Ad-Hoc|iPhone
		Ad-Hoc|iPhoneSimulator = Ad-Hoc|iPhoneSimulator
		Ad-Hoc|x64 = Ad-Hoc|x64
		Ad-Hoc|x86 = Ad-Hoc|x86
		AppStore|Any CPU = AppStore|Any CPU
		AppStore|ARM = AppStore|ARM
		AppStore|iPhone = AppStore|iPhone
		AppStore|iPhoneSimulator = AppStore|iPhoneSimulator
		AppStore|x64 = AppStore|x64
		AppStore|x86 = AppStore|x86
		Debug|Any CPU = Debug|Any CPU
		Debug|ARM = Debug|ARM
		Debug|iPhone = Debug|iPhone
		Debug|iPhoneSimulator = Debug|iPhoneSimulator
		Debug|x64 = Debug|x64
		Debug|x86 = Debug|x86
		Release|Any CPU = Release|Any CPU
		Release|ARM = Release|ARM
		Release|iPhone = Release|iPhone
		Release|iPhoneSimulator = Release|iPhoneSimulator
		Release|x64 = Release|x64
		Release|x86 = Release|x86
	EndGlobalSection
	GlobalSection(ProjectConfigurationPlatforms) = postSolution
		{07680C47-A7D4-4999-8DF5-30D76BD02191}.Ad-Hoc|Any CPU.ActiveCfg = Release|Any CPU
		{07680C47-A7D4-4999-8DF5-30D76BD02191}.Ad-Hoc|Any CPU.Build.0 = Release|Any CPU
		{07680C47-A7D4-4999-8DF5-30D76BD02191}.Ad-Hoc|Any CPU.Deploy.0 = Release|Any CPU
		{07680C47-A7D4-4999-8DF5-30D76BD02191}.Ad-Hoc|ARM.ActiveCfg = Release|Any CPU
		{07680C47-A7D4-4999-8DF5-30D76BD02191}.Ad-Hoc|ARM.Build.0 = Release|Any CPU
		{07680C47-A7D4-4999-8DF5-30D76BD02191}.Ad-Hoc|ARM.Deploy.0 = Release|Any CPU
		{07680C47-A7D4-4999-8DF5-30D76BD02191}.Ad-Hoc|iPhone.ActiveCfg = Release|Any CPU
		{07680C47-A7D4-4999-8DF5-30D76BD02191}.Ad-Hoc|iPhone.Build.0 = Release|Any CPU
		{07680C47-A7D4-4999-8DF5-30D76BD02191}.Ad-Hoc|iPhone.Deploy.0 = Release|Any CPU
		{07680C47-A7D4-4999-8DF5-30D76BD02191}.Ad-Hoc|iPhoneSimulator.ActiveCfg = Release|Any CPU
		{07680C47-A7D4-4999-8DF5-30D76BD02191}.Ad-Hoc|iPhoneSimulator.Build.0 = Release|Any CPU
		{07680C47-A7D4-4999-8DF5-30D76BD02191}.Ad-Hoc|iPhoneSimulator.Deploy.0 = Release|Any CPU
		{07680C47-A7D4-4999-8DF5-30D76BD02191}.Ad-Hoc|x64.ActiveCfg = Release|Any CPU
		{07680C47-A7D4-4999-8DF5-30D76BD02191}.Ad-Hoc|x64.Build.0 = Release|Any CPU
		{07680C47-A7D4-4999-8DF5-30D76BD02191}.Ad-Hoc|x64.Deploy.0 = Release|Any CPU
		{07680C47-A7D4-4999-8DF5-30D76BD02191}.Ad-Hoc|x86.ActiveCfg = Release|Any CPU
		{07680C47-A7D4-4999-8DF5-30D76BD02191}.Ad-Hoc|x86.Build.0 = Release|Any CPU
		{07680C47-A7D4-4999-8DF5-30D76BD02191}.Ad-Hoc|x86.Deploy.0 = Release|Any CPU
		{07680C47-A7D4-4999-8DF5-30D76BD02191}.AppStore|Any CPU.ActiveCfg = Release|Any CPU
		{07680C47-A7D4-4999-8DF5-30D76BD02191}.AppStore|Any CPU.Build.0 = Release|Any CPU
		{07680C47-A7D4-4999-8DF5-30D76BD02191}.AppStore|Any CPU.Deploy.0 = Release|Any CPU
		{07680C47-A7D4-4999-8DF5-30D76BD02191}.AppStore|ARM.ActiveCfg = Release|Any CPU
		{07680C47-A7D4-4999-8DF5-30D76BD02191}.AppStore|ARM.Build.0 = Release|Any CPU
		{07680C47-A7D4-4999-8DF5-30D76BD02191}.AppStore|ARM.Deploy.0 = Release|Any CPU
		{07680C47-A7D4-4999-8DF5-30D76BD02191}.AppStore|iPhone.ActiveCfg = Release|Any CPU
		{07680C47-A7D4-4999-8DF5-30D76BD02191}.AppStore|iPhone.Build.0 = Release|Any CPU
		{07680C47-A7D4-4999-8DF5-30D76BD02191}.AppStore|iPhone.Deploy.0 = Release|Any CPU
		{07680C47-A7D4-4999-8DF5-30D76BD02191}.AppStore|iPhoneSimulator.ActiveCfg = Release|Any CPU
		{07680C47-A7D4-4999-8DF5-30D76BD02191}.AppStore|iPhoneSimulator.Build.0 = Release|Any CPU
		{07680C47-A7D4-4999-8DF5-30D76BD02191}.AppStore|iPhoneSimulator.Deploy.0 = Release|Any CPU
		{07680C47-A7D4-4999-8DF5-30D76BD02191}.AppStore|x64.ActiveCfg = Release|Any CPU
		{07680C47-A7D4-4999-8DF5-30D76BD02191}.AppStore|x64.Build.0 = Release|Any CPU
		{07680C47-A7D4-4999-8DF5-30D76BD02191}.AppStore|x64.Deploy.0 = Release|Any CPU
		{07680C47-A7D4-4999-8DF5-30D76BD02191}.AppStore|x86.ActiveCfg = Release|Any CPU
		{07680C47-A7D4-4999-8DF5-30D76BD02191}.AppStore|x86.Build.0 = Release|Any CPU
		{07680C47-A7D4-4999-8DF5-30D76BD02191}.AppStore|x86.Deploy.0 = Release|Any CPU
		{07680C47-A7D4-4999-8DF5-30D76BD02191}.Debug|Any CPU.ActiveCfg = Debug|Any CPU
		{07680C47-A7D4-4999-8DF5-30D76BD02191}.Debug|Any CPU.Build.0 = Debug|Any CPU
		{07680C47-A7D4-4999-8DF5-30D76BD02191}.Debug|Any CPU.Deploy.0 = Debug|Any CPU
		{07680C47-A7D4-4999-8DF5-30D76BD02191}.Debug|ARM.ActiveCfg = Debug|Any CPU
		{07680C47-A7D4-4999-8DF5-30D76BD02191}.Debug|ARM.Build.0 = Debug|Any CPU
		{07680C47-A7D4-4999-8DF5-30D76BD02191}.Debug|ARM.Deploy.0 = Debug|Any CPU
		{07680C47-A7D4-4999-8DF5-30D76BD02191}.Debug|iPhone.ActiveCfg = Debug|Any CPU
		{07680C47-A7D4-4999-8DF5-30D76BD02191}.Debug|iPhone.Build.0 = Debug|Any CPU
		{07680C47-A7D4-4999-8DF5-30D76BD02191}.Debug|iPhone.Deploy.0 = Debug|Any CPU
		{07680C47-A7D4-4999-8DF5-30D76BD02191}.Debug|iPhoneSimulator.ActiveCfg = Debug|Any CPU
		{07680C47-A7D4-4999-8DF5-30D76BD02191}.Debug|iPhoneSimulator.Build.0 = Debug|Any CPU
		{07680C47-A7D4-4999-8DF5-30D76BD02191}.Debug|iPhoneSimulator.Deploy.0 = Debug|Any CPU
		{07680C47-A7D4-4999-8DF5-30D76BD02191}.Debug|x64.ActiveCfg = Debug|Any CPU
		{07680C47-A7D4-4999-8DF5-30D76BD02191}.Debug|x64.Build.0 = Debug|Any CPU
		{07680C47-A7D4-4999-8DF5-30D76BD02191}.Debug|x64.Deploy.0 = Debug|Any CPU
		{07680C47-A7D4-4999-8DF5-30D76BD02191}.Debug|x86.ActiveCfg = Debug|Any CPU
		{07680C47-A7D4-4999-8DF5-30D76BD02191}.Debug|x86.Build.0 = Debug|Any CPU
		{07680C47-A7D4-4999-8DF5-30D76BD02191}.Debug|x86.Deploy.0 = Debug|Any CPU
		{07680C47-A7D4-4999-8DF5-30D76BD02191}.Release|Any CPU.ActiveCfg = Release|Any CPU
		{07680C47-A7D4-4999-8DF5-30D76BD02191}.Release|Any CPU.Build.0 = Release|Any CPU
		{07680C47-A7D4-4999-8DF5-30D76BD02191}.Release|Any CPU.Deploy.0 = Release|Any CPU
		{07680C47-A7D4-4999-8DF5-30D76BD02191}.Release|ARM.ActiveCfg = Release|Any CPU
		{07680C47-A7D4-4999-8DF5-30D76BD02191}.Release|ARM.Build.0 = Release|Any CPU
		{07680C47-A7D4-4999-8DF5-30D76BD02191}.Release|ARM.Deploy.0 = Release|Any CPU
		{07680C47-A7D4-4999-8DF5-30D76BD02191}.Release|iPhone.ActiveCfg = Release|Any CPU
		{07680C47-A7D4-4999-8DF5-30D76BD02191}.Release|iPhone.Build.0 = Release|Any CPU
		{07680C47-A7D4-4999-8DF5-30D76BD02191}.Release|iPhone.Deploy.0 = Release|Any CPU
		{07680C47-A7D4-4999-8DF5-30D76BD02191}.Release|iPhoneSimulator.ActiveCfg = Release|Any CPU
		{07680C47-A7D4-4999-8DF5-30D76BD02191}.Release|iPhoneSimulator.Build.0 = Release|Any CPU
		{07680C47-A7D4-4999-8DF5-30D76BD02191}.Release|iPhoneSimulator.Deploy.0 = Release|Any CPU
		{07680C47-A7D4-4999-8DF5-30D76BD02191}.Release|x64.ActiveCfg = Release|Any CPU
		{07680C47-A7D4-4999-8DF5-30D76BD02191}.Release|x64.Build.0 = Release|Any CPU
		{07680C47-A7D4-4999-8DF5-30D76BD02191}.Release|x64.Deploy.0 = Release|Any CPU
		{07680C47-A7D4-4999-8DF5-30D76BD02191}.Release|x86.ActiveCfg = Release|Any CPU
		{07680C47-A7D4-4999-8DF5-30D76BD02191}.Release|x86.Build.0 = Release|Any CPU
		{07680C47-A7D4-4999-8DF5-30D76BD02191}.Release|x86.Deploy.0 = Release|Any CPU
		{44A5D227-7B28-4419-9FE3-16B529EC823A}.Ad-Hoc|Any CPU.ActiveCfg = Ad-Hoc|iPhone
		{44A5D227-7B28-4419-9FE3-16B529EC823A}.Ad-Hoc|Any CPU.Build.0 = Ad-Hoc|iPhone
		{44A5D227-7B28-4419-9FE3-16B529EC823A}.Ad-Hoc|Any CPU.Deploy.0 = Ad-Hoc|iPhone
		{44A5D227-7B28-4419-9FE3-16B529EC823A}.Ad-Hoc|ARM.ActiveCfg = Ad-Hoc|iPhone
		{44A5D227-7B28-4419-9FE3-16B529EC823A}.Ad-Hoc|ARM.Build.0 = Ad-Hoc|iPhone
		{44A5D227-7B28-4419-9FE3-16B529EC823A}.Ad-Hoc|ARM.Deploy.0 = Ad-Hoc|iPhone
		{44A5D227-7B28-4419-9FE3-16B529EC823A}.Ad-Hoc|iPhone.ActiveCfg = Ad-Hoc|iPhone
		{44A5D227-7B28-4419-9FE3-16B529EC823A}.Ad-Hoc|iPhone.Build.0 = Ad-Hoc|iPhone
		{44A5D227-7B28-4419-9FE3-16B529EC823A}.Ad-Hoc|iPhone.Deploy.0 = Ad-Hoc|iPhone
		{44A5D227-7B28-4419-9FE3-16B529EC823A}.Ad-Hoc|iPhoneSimulator.ActiveCfg = Ad-Hoc|iPhoneSimulator
		{44A5D227-7B28-4419-9FE3-16B529EC823A}.Ad-Hoc|iPhoneSimulator.Build.0 = Ad-Hoc|iPhoneSimulator
		{44A5D227-7B28-4419-9FE3-16B529EC823A}.Ad-Hoc|iPhoneSimulator.Deploy.0 = Ad-Hoc|iPhoneSimulator
		{44A5D227-7B28-4419-9FE3-16B529EC823A}.Ad-Hoc|x64.ActiveCfg = Ad-Hoc|iPhone
		{44A5D227-7B28-4419-9FE3-16B529EC823A}.Ad-Hoc|x64.Build.0 = Ad-Hoc|iPhone
		{44A5D227-7B28-4419-9FE3-16B529EC823A}.Ad-Hoc|x64.Deploy.0 = Ad-Hoc|iPhone
		{44A5D227-7B28-4419-9FE3-16B529EC823A}.Ad-Hoc|x86.ActiveCfg = Ad-Hoc|iPhone
		{44A5D227-7B28-4419-9FE3-16B529EC823A}.Ad-Hoc|x86.Build.0 = Ad-Hoc|iPhone
		{44A5D227-7B28-4419-9FE3-16B529EC823A}.Ad-Hoc|x86.Deploy.0 = Ad-Hoc|iPhone
		{44A5D227-7B28-4419-9FE3-16B529EC823A}.AppStore|Any CPU.ActiveCfg = AppStore|iPhone
		{44A5D227-7B28-4419-9FE3-16B529EC823A}.AppStore|Any CPU.Build.0 = AppStore|iPhone
		{44A5D227-7B28-4419-9FE3-16B529EC823A}.AppStore|Any CPU.Deploy.0 = AppStore|iPhone
		{44A5D227-7B28-4419-9FE3-16B529EC823A}.AppStore|ARM.ActiveCfg = AppStore|iPhone
		{44A5D227-7B28-4419-9FE3-16B529EC823A}.AppStore|ARM.Build.0 = AppStore|iPhone
		{44A5D227-7B28-4419-9FE3-16B529EC823A}.AppStore|ARM.Deploy.0 = AppStore|iPhone
		{44A5D227-7B28-4419-9FE3-16B529EC823A}.AppStore|iPhone.ActiveCfg = AppStore|iPhone
		{44A5D227-7B28-4419-9FE3-16B529EC823A}.AppStore|iPhone.Build.0 = AppStore|iPhone
		{44A5D227-7B28-4419-9FE3-16B529EC823A}.AppStore|iPhone.Deploy.0 = AppStore|iPhone
		{44A5D227-7B28-4419-9FE3-16B529EC823A}.AppStore|iPhoneSimulator.ActiveCfg = AppStore|iPhoneSimulator
		{44A5D227-7B28-4419-9FE3-16B529EC823A}.AppStore|iPhoneSimulator.Build.0 = AppStore|iPhoneSimulator
		{44A5D227-7B28-4419-9FE3-16B529EC823A}.AppStore|iPhoneSimulator.Deploy.0 = AppStore|iPhoneSimulator
		{44A5D227-7B28-4419-9FE3-16B529EC823A}.AppStore|x64.ActiveCfg = AppStore|iPhone
		{44A5D227-7B28-4419-9FE3-16B529EC823A}.AppStore|x64.Build.0 = AppStore|iPhone
		{44A5D227-7B28-4419-9FE3-16B529EC823A}.AppStore|x64.Deploy.0 = AppStore|iPhone
		{44A5D227-7B28-4419-9FE3-16B529EC823A}.AppStore|x86.ActiveCfg = AppStore|iPhone
		{44A5D227-7B28-4419-9FE3-16B529EC823A}.AppStore|x86.Build.0 = AppStore|iPhone
		{44A5D227-7B28-4419-9FE3-16B529EC823A}.AppStore|x86.Deploy.0 = AppStore|iPhone
		{44A5D227-7B28-4419-9FE3-16B529EC823A}.Debug|Any CPU.ActiveCfg = Debug|iPhoneSimulator
		{44A5D227-7B28-4419-9FE3-16B529EC823A}.Debug|Any CPU.Build.0 = Debug|iPhoneSimulator
		{44A5D227-7B28-4419-9FE3-16B529EC823A}.Debug|Any CPU.Deploy.0 = Debug|iPhoneSimulator
		{44A5D227-7B28-4419-9FE3-16B529EC823A}.Debug|ARM.ActiveCfg = Debug|iPhone
		{44A5D227-7B28-4419-9FE3-16B529EC823A}.Debug|ARM.Build.0 = Debug|iPhone
		{44A5D227-7B28-4419-9FE3-16B529EC823A}.Debug|ARM.Deploy.0 = Debug|iPhone
		{44A5D227-7B28-4419-9FE3-16B529EC823A}.Debug|iPhone.ActiveCfg = Debug|iPhone
		{44A5D227-7B28-4419-9FE3-16B529EC823A}.Debug|iPhone.Build.0 = Debug|iPhone
		{44A5D227-7B28-4419-9FE3-16B529EC823A}.Debug|iPhone.Deploy.0 = Debug|iPhone
		{44A5D227-7B28-4419-9FE3-16B529EC823A}.Debug|iPhoneSimulator.ActiveCfg = Debug|iPhoneSimulator
		{44A5D227-7B28-4419-9FE3-16B529EC823A}.Debug|iPhoneSimulator.Build.0 = Debug|iPhoneSimulator
		{44A5D227-7B28-4419-9FE3-16B529EC823A}.Debug|iPhoneSimulator.Deploy.0 = Debug|iPhoneSimulator
		{44A5D227-7B28-4419-9FE3-16B529EC823A}.Debug|x64.ActiveCfg = Debug|iPhone
		{44A5D227-7B28-4419-9FE3-16B529EC823A}.Debug|x64.Build.0 = Debug|iPhone
		{44A5D227-7B28-4419-9FE3-16B529EC823A}.Debug|x64.Deploy.0 = Debug|iPhone
		{44A5D227-7B28-4419-9FE3-16B529EC823A}.Debug|x86.ActiveCfg = Debug|iPhone
		{44A5D227-7B28-4419-9FE3-16B529EC823A}.Debug|x86.Build.0 = Debug|iPhone
		{44A5D227-7B28-4419-9FE3-16B529EC823A}.Debug|x86.Deploy.0 = Debug|iPhone
		{44A5D227-7B28-4419-9FE3-16B529EC823A}.Release|Any CPU.ActiveCfg = Release|iPhone
		{44A5D227-7B28-4419-9FE3-16B529EC823A}.Release|Any CPU.Deploy.0 = Release|iPhone
		{44A5D227-7B28-4419-9FE3-16B529EC823A}.Release|ARM.ActiveCfg = Release|iPhone
		{44A5D227-7B28-4419-9FE3-16B529EC823A}.Release|ARM.Build.0 = Release|iPhone
		{44A5D227-7B28-4419-9FE3-16B529EC823A}.Release|ARM.Deploy.0 = Release|iPhone
		{44A5D227-7B28-4419-9FE3-16B529EC823A}.Release|iPhone.ActiveCfg = Release|iPhone
		{44A5D227-7B28-4419-9FE3-16B529EC823A}.Release|iPhone.Build.0 = Release|iPhone
		{44A5D227-7B28-4419-9FE3-16B529EC823A}.Release|iPhone.Deploy.0 = Release|iPhone
		{44A5D227-7B28-4419-9FE3-16B529EC823A}.Release|iPhoneSimulator.ActiveCfg = Release|iPhoneSimulator
		{44A5D227-7B28-4419-9FE3-16B529EC823A}.Release|iPhoneSimulator.Build.0 = Release|iPhoneSimulator
		{44A5D227-7B28-4419-9FE3-16B529EC823A}.Release|iPhoneSimulator.Deploy.0 = Release|iPhoneSimulator
		{44A5D227-7B28-4419-9FE3-16B529EC823A}.Release|x64.ActiveCfg = Release|iPhone
		{44A5D227-7B28-4419-9FE3-16B529EC823A}.Release|x64.Build.0 = Release|iPhone
		{44A5D227-7B28-4419-9FE3-16B529EC823A}.Release|x64.Deploy.0 = Release|iPhone
		{44A5D227-7B28-4419-9FE3-16B529EC823A}.Release|x86.ActiveCfg = Release|iPhone
		{44A5D227-7B28-4419-9FE3-16B529EC823A}.Release|x86.Build.0 = Release|iPhone
		{44A5D227-7B28-4419-9FE3-16B529EC823A}.Release|x86.Deploy.0 = Release|iPhone
		{44A5D227-7B28-4419-9FE3-16B529EC823A}.Release|Any CPU.Build.0 = Release|iPhone
		{C6E46E83-9F35-4ADE-B7C9-153B28855EDC}.Ad-Hoc|Any CPU.ActiveCfg = Debug|Any CPU
		{C6E46E83-9F35-4ADE-B7C9-153B28855EDC}.Ad-Hoc|Any CPU.Build.0 = Debug|Any CPU
		{C6E46E83-9F35-4ADE-B7C9-153B28855EDC}.Ad-Hoc|Any CPU.Deploy.0 = Debug|Any CPU
		{C6E46E83-9F35-4ADE-B7C9-153B28855EDC}.Ad-Hoc|ARM.ActiveCfg = Debug|Any CPU
		{C6E46E83-9F35-4ADE-B7C9-153B28855EDC}.Ad-Hoc|ARM.Build.0 = Debug|Any CPU
		{C6E46E83-9F35-4ADE-B7C9-153B28855EDC}.Ad-Hoc|ARM.Deploy.0 = Debug|Any CPU
		{C6E46E83-9F35-4ADE-B7C9-153B28855EDC}.Ad-Hoc|iPhone.ActiveCfg = Debug|Any CPU
		{C6E46E83-9F35-4ADE-B7C9-153B28855EDC}.Ad-Hoc|iPhone.Build.0 = Debug|Any CPU
		{C6E46E83-9F35-4ADE-B7C9-153B28855EDC}.Ad-Hoc|iPhone.Deploy.0 = Debug|Any CPU
		{C6E46E83-9F35-4ADE-B7C9-153B28855EDC}.Ad-Hoc|iPhoneSimulator.ActiveCfg = Debug|Any CPU
		{C6E46E83-9F35-4ADE-B7C9-153B28855EDC}.Ad-Hoc|iPhoneSimulator.Build.0 = Debug|Any CPU
		{C6E46E83-9F35-4ADE-B7C9-153B28855EDC}.Ad-Hoc|iPhoneSimulator.Deploy.0 = Debug|Any CPU
		{C6E46E83-9F35-4ADE-B7C9-153B28855EDC}.Ad-Hoc|x64.ActiveCfg = Debug|Any CPU
		{C6E46E83-9F35-4ADE-B7C9-153B28855EDC}.Ad-Hoc|x64.Build.0 = Debug|Any CPU
		{C6E46E83-9F35-4ADE-B7C9-153B28855EDC}.Ad-Hoc|x64.Deploy.0 = Debug|Any CPU
		{C6E46E83-9F35-4ADE-B7C9-153B28855EDC}.Ad-Hoc|x86.ActiveCfg = Debug|Any CPU
		{C6E46E83-9F35-4ADE-B7C9-153B28855EDC}.Ad-Hoc|x86.Build.0 = Debug|Any CPU
		{C6E46E83-9F35-4ADE-B7C9-153B28855EDC}.Ad-Hoc|x86.Deploy.0 = Debug|Any CPU
		{C6E46E83-9F35-4ADE-B7C9-153B28855EDC}.AppStore|Any CPU.ActiveCfg = Debug|Any CPU
		{C6E46E83-9F35-4ADE-B7C9-153B28855EDC}.AppStore|Any CPU.Build.0 = Debug|Any CPU
		{C6E46E83-9F35-4ADE-B7C9-153B28855EDC}.AppStore|Any CPU.Deploy.0 = Debug|Any CPU
		{C6E46E83-9F35-4ADE-B7C9-153B28855EDC}.AppStore|ARM.ActiveCfg = Debug|Any CPU
		{C6E46E83-9F35-4ADE-B7C9-153B28855EDC}.AppStore|ARM.Build.0 = Debug|Any CPU
		{C6E46E83-9F35-4ADE-B7C9-153B28855EDC}.AppStore|ARM.Deploy.0 = Debug|Any CPU
		{C6E46E83-9F35-4ADE-B7C9-153B28855EDC}.AppStore|iPhone.ActiveCfg = Debug|Any CPU
		{C6E46E83-9F35-4ADE-B7C9-153B28855EDC}.AppStore|iPhone.Build.0 = Debug|Any CPU
		{C6E46E83-9F35-4ADE-B7C9-153B28855EDC}.AppStore|iPhone.Deploy.0 = Debug|Any CPU
		{C6E46E83-9F35-4ADE-B7C9-153B28855EDC}.AppStore|iPhoneSimulator.ActiveCfg = Debug|Any CPU
		{C6E46E83-9F35-4ADE-B7C9-153B28855EDC}.AppStore|iPhoneSimulator.Build.0 = Debug|Any CPU
		{C6E46E83-9F35-4ADE-B7C9-153B28855EDC}.AppStore|iPhoneSimulator.Deploy.0 = Debug|Any CPU
		{C6E46E83-9F35-4ADE-B7C9-153B28855EDC}.AppStore|x64.ActiveCfg = Debug|Any CPU
		{C6E46E83-9F35-4ADE-B7C9-153B28855EDC}.AppStore|x64.Build.0 = Debug|Any CPU
		{C6E46E83-9F35-4ADE-B7C9-153B28855EDC}.AppStore|x64.Deploy.0 = Debug|Any CPU
		{C6E46E83-9F35-4ADE-B7C9-153B28855EDC}.AppStore|x86.ActiveCfg = Debug|Any CPU
		{C6E46E83-9F35-4ADE-B7C9-153B28855EDC}.AppStore|x86.Build.0 = Debug|Any CPU
		{C6E46E83-9F35-4ADE-B7C9-153B28855EDC}.AppStore|x86.Deploy.0 = Debug|Any CPU
		{C6E46E83-9F35-4ADE-B7C9-153B28855EDC}.Debug|Any CPU.ActiveCfg = Debug|Any CPU
		{C6E46E83-9F35-4ADE-B7C9-153B28855EDC}.Debug|Any CPU.Build.0 = Debug|Any CPU
		{C6E46E83-9F35-4ADE-B7C9-153B28855EDC}.Debug|Any CPU.Deploy.0 = Debug|Any CPU
		{C6E46E83-9F35-4ADE-B7C9-153B28855EDC}.Debug|ARM.ActiveCfg = Debug|Any CPU
		{C6E46E83-9F35-4ADE-B7C9-153B28855EDC}.Debug|ARM.Build.0 = Debug|Any CPU
		{C6E46E83-9F35-4ADE-B7C9-153B28855EDC}.Debug|ARM.Deploy.0 = Debug|Any CPU
		{C6E46E83-9F35-4ADE-B7C9-153B28855EDC}.Debug|iPhone.ActiveCfg = Debug|Any CPU
		{C6E46E83-9F35-4ADE-B7C9-153B28855EDC}.Debug|iPhone.Build.0 = Debug|Any CPU
		{C6E46E83-9F35-4ADE-B7C9-153B28855EDC}.Debug|iPhone.Deploy.0 = Debug|Any CPU
		{C6E46E83-9F35-4ADE-B7C9-153B28855EDC}.Debug|iPhoneSimulator.ActiveCfg = Debug|Any CPU
		{C6E46E83-9F35-4ADE-B7C9-153B28855EDC}.Debug|iPhoneSimulator.Build.0 = Debug|Any CPU
		{C6E46E83-9F35-4ADE-B7C9-153B28855EDC}.Debug|iPhoneSimulator.Deploy.0 = Debug|Any CPU
		{C6E46E83-9F35-4ADE-B7C9-153B28855EDC}.Debug|x64.ActiveCfg = Debug|Any CPU
		{C6E46E83-9F35-4ADE-B7C9-153B28855EDC}.Debug|x64.Build.0 = Debug|Any CPU
		{C6E46E83-9F35-4ADE-B7C9-153B28855EDC}.Debug|x64.Deploy.0 = Debug|Any CPU
		{C6E46E83-9F35-4ADE-B7C9-153B28855EDC}.Debug|x86.ActiveCfg = Debug|Any CPU
		{C6E46E83-9F35-4ADE-B7C9-153B28855EDC}.Debug|x86.Build.0 = Debug|Any CPU
		{C6E46E83-9F35-4ADE-B7C9-153B28855EDC}.Debug|x86.Deploy.0 = Debug|Any CPU
		{C6E46E83-9F35-4ADE-B7C9-153B28855EDC}.Release|Any CPU.ActiveCfg = Release|Any CPU
		{C6E46E83-9F35-4ADE-B7C9-153B28855EDC}.Release|Any CPU.Build.0 = Release|Any CPU
		{C6E46E83-9F35-4ADE-B7C9-153B28855EDC}.Release|Any CPU.Deploy.0 = Release|Any CPU
		{C6E46E83-9F35-4ADE-B7C9-153B28855EDC}.Release|ARM.ActiveCfg = Release|Any CPU
		{C6E46E83-9F35-4ADE-B7C9-153B28855EDC}.Release|ARM.Build.0 = Release|Any CPU
		{C6E46E83-9F35-4ADE-B7C9-153B28855EDC}.Release|ARM.Deploy.0 = Release|Any CPU
		{C6E46E83-9F35-4ADE-B7C9-153B28855EDC}.Release|iPhone.ActiveCfg = Release|Any CPU
		{C6E46E83-9F35-4ADE-B7C9-153B28855EDC}.Release|iPhone.Build.0 = Release|Any CPU
		{C6E46E83-9F35-4ADE-B7C9-153B28855EDC}.Release|iPhone.Deploy.0 = Release|Any CPU
		{C6E46E83-9F35-4ADE-B7C9-153B28855EDC}.Release|iPhoneSimulator.ActiveCfg = Release|Any CPU
		{C6E46E83-9F35-4ADE-B7C9-153B28855EDC}.Release|iPhoneSimulator.Build.0 = Release|Any CPU
		{C6E46E83-9F35-4ADE-B7C9-153B28855EDC}.Release|iPhoneSimulator.Deploy.0 = Release|Any CPU
		{C6E46E83-9F35-4ADE-B7C9-153B28855EDC}.Release|x64.ActiveCfg = Release|Any CPU
		{C6E46E83-9F35-4ADE-B7C9-153B28855EDC}.Release|x64.Build.0 = Release|Any CPU
		{C6E46E83-9F35-4ADE-B7C9-153B28855EDC}.Release|x64.Deploy.0 = Release|Any CPU
		{C6E46E83-9F35-4ADE-B7C9-153B28855EDC}.Release|x86.ActiveCfg = Release|Any CPU
		{C6E46E83-9F35-4ADE-B7C9-153B28855EDC}.Release|x86.Build.0 = Release|Any CPU
		{C6E46E83-9F35-4ADE-B7C9-153B28855EDC}.Release|x86.Deploy.0 = Release|Any CPU
	EndGlobalSection
	GlobalSection(SolutionProperties) = preSolution
		HideSolutionNode = FALSE
	EndGlobalSection
	GlobalSection(ExtensibilityGlobals) = postSolution
		SolutionGuid = {9E8C7A11-EFBB-47B2-AE00-CB71527ABC94}
	EndGlobalSection
EndGlobal
